
Microsoft Visual Studio Solution File, Format Version 12.00
# Visual Studio 15
VisualStudioVersion = 15.0.28307.136
MinimumVisualStudioVersion = 10.0.40219.1
Project("{FAE04EC0-301F-11D3-BF4B-00C04F79EFBC}") = "KChristmas.UWP", "KChristmas.UWP\KChristmas.UWP.csproj", "{05ABBD23-EDD8-48BD-B023-C7F165C3D0C4}"
EndProject
Project("{9A19103F-16F7-4668-BE54-9A1E7A4F7556}") = "KChristmas.Core", "KChristmas.Core\KChristmas.Core.csproj", "{C0BBFD52-B28D-4AEB-8C74-5EECD7670D0E}"
EndProject
Project("{FAE04EC0-301F-11D3-BF4B-00C04F79EFBC}") = "KChristmas.Android", "KChristmas.Android\KChristmas.Android.csproj", "{503DBAB1-168F-4DE1-AD0D-B53AE2D4D559}"
EndProject
Global
	GlobalSection(SolutionConfigurationPlatforms) = preSolution
		Debug|Any CPU = Debug|Any CPU
		Debug|ARM = Debug|ARM
		Debug|iPhone = Debug|iPhone
		Debug|iPhoneSimulator = Debug|iPhoneSimulator
		Debug|x64 = Debug|x64
		Debug|x86 = Debug|x86
		Release|Any CPU = Release|Any CPU
		Release|ARM = Release|ARM
		Release|iPhone = Release|iPhone
		Release|iPhoneSimulator = Release|iPhoneSimulator
		Release|x64 = Release|x64
		Release|x86 = Release|x86
	EndGlobalSection
	GlobalSection(ProjectConfigurationPlatforms) = postSolution
		{05ABBD23-EDD8-48BD-B023-C7F165C3D0C4}.Debug|Any CPU.ActiveCfg = Debug|x86
		{05ABBD23-EDD8-48BD-B023-C7F165C3D0C4}.Debug|Any CPU.Build.0 = Debug|x86
		{05ABBD23-EDD8-48BD-B023-C7F165C3D0C4}.Debug|Any CPU.Deploy.0 = Debug|x86
		{05ABBD23-EDD8-48BD-B023-C7F165C3D0C4}.Debug|ARM.ActiveCfg = Debug|ARM
		{05ABBD23-EDD8-48BD-B023-C7F165C3D0C4}.Debug|ARM.Build.0 = Debug|ARM
		{05ABBD23-EDD8-48BD-B023-C7F165C3D0C4}.Debug|ARM.Deploy.0 = Debug|ARM
		{05ABBD23-EDD8-48BD-B023-C7F165C3D0C4}.Debug|iPhone.ActiveCfg = Debug|x86
		{05ABBD23-EDD8-48BD-B023-C7F165C3D0C4}.Debug|iPhoneSimulator.ActiveCfg = Debug|x86
		{05ABBD23-EDD8-48BD-B023-C7F165C3D0C4}.Debug|x64.ActiveCfg = Debug|x64
		{05ABBD23-EDD8-48BD-B023-C7F165C3D0C4}.Debug|x64.Build.0 = Debug|x64
		{05ABBD23-EDD8-48BD-B023-C7F165C3D0C4}.Debug|x64.Deploy.0 = Debug|x64
		{05ABBD23-EDD8-48BD-B023-C7F165C3D0C4}.Debug|x86.ActiveCfg = Debug|x86
		{05ABBD23-EDD8-48BD-B023-C7F165C3D0C4}.Debug|x86.Build.0 = Debug|x86
		{05ABBD23-EDD8-48BD-B023-C7F165C3D0C4}.Debug|x86.Deploy.0 = Debug|x86
		{05ABBD23-EDD8-48BD-B023-C7F165C3D0C4}.Release|Any CPU.ActiveCfg = Release|x86
		{05ABBD23-EDD8-48BD-B023-C7F165C3D0C4}.Release|Any CPU.Build.0 = Release|x86
		{05ABBD23-EDD8-48BD-B023-C7F165C3D0C4}.Release|Any CPU.Deploy.0 = Release|x86
		{05ABBD23-EDD8-48BD-B023-C7F165C3D0C4}.Release|ARM.ActiveCfg = Release|ARM
		{05ABBD23-EDD8-48BD-B023-C7F165C3D0C4}.Release|ARM.Build.0 = Release|ARM
		{05ABBD23-EDD8-48BD-B023-C7F165C3D0C4}.Release|ARM.Deploy.0 = Release|ARM
		{05ABBD23-EDD8-48BD-B023-C7F165C3D0C4}.Release|iPhone.ActiveCfg = Release|x86
		{05ABBD23-EDD8-48BD-B023-C7F165C3D0C4}.Release|iPhoneSimulator.ActiveCfg = Release|x86
		{05ABBD23-EDD8-48BD-B023-C7F165C3D0C4}.Release|x64.ActiveCfg = Release|x64
		{05ABBD23-EDD8-48BD-B023-C7F165C3D0C4}.Release|x64.Build.0 = Release|x64
		{05ABBD23-EDD8-48BD-B023-C7F165C3D0C4}.Release|x64.Deploy.0 = Release|x64
		{05ABBD23-EDD8-48BD-B023-C7F165C3D0C4}.Release|x86.ActiveCfg = Release|x86
		{05ABBD23-EDD8-48BD-B023-C7F165C3D0C4}.Release|x86.Build.0 = Release|x86
		{05ABBD23-EDD8-48BD-B023-C7F165C3D0C4}.Release|x86.Deploy.0 = Release|x86
		{C0BBFD52-B28D-4AEB-8C74-5EECD7670D0E}.Debug|Any CPU.ActiveCfg = Debug|Any CPU
		{C0BBFD52-B28D-4AEB-8C74-5EECD7670D0E}.Debug|Any CPU.Build.0 = Debug|Any CPU
		{C0BBFD52-B28D-4AEB-8C74-5EECD7670D0E}.Debug|ARM.ActiveCfg = Debug|Any CPU
		{C0BBFD52-B28D-4AEB-8C74-5EECD7670D0E}.Debug|ARM.Build.0 = Debug|Any CPU
		{C0BBFD52-B28D-4AEB-8C74-5EECD7670D0E}.Debug|iPhone.ActiveCfg = Debug|Any CPU
		{C0BBFD52-B28D-4AEB-8C74-5EECD7670D0E}.Debug|iPhone.Build.0 = Debug|Any CPU
		{C0BBFD52-B28D-4AEB-8C74-5EECD7670D0E}.Debug|iPhoneSimulator.ActiveCfg = Debug|Any CPU
		{C0BBFD52-B28D-4AEB-8C74-5EECD7670D0E}.Debug|iPhoneSimulator.Build.0 = Debug|Any CPU
		{C0BBFD52-B28D-4AEB-8C74-5EECD7670D0E}.Debug|x64.ActiveCfg = Debug|Any CPU
		{C0BBFD52-B28D-4AEB-8C74-5EECD7670D0E}.Debug|x64.Build.0 = Debug|Any CPU
		{C0BBFD52-B28D-4AEB-8C74-5EECD7670D0E}.Debug|x86.ActiveCfg = Debug|Any CPU
		{C0BBFD52-B28D-4AEB-8C74-5EECD7670D0E}.Debug|x86.Build.0 = Debug|Any CPU
		{C0BBFD52-B28D-4AEB-8C74-5EECD7670D0E}.Release|Any CPU.ActiveCfg = Release|Any CPU
		{C0BBFD52-B28D-4AEB-8C74-5EECD7670D0E}.Release|Any CPU.Build.0 = Release|Any CPU
		{C0BBFD52-B28D-4AEB-8C74-5EECD7670D0E}.Release|ARM.ActiveCfg = Release|Any CPU
		{C0BBFD52-B28D-4AEB-8C74-5EECD7670D0E}.Release|ARM.Build.0 = Release|Any CPU
		{C0BBFD52-B28D-4AEB-8C74-5EECD7670D0E}.Release|iPhone.ActiveCfg = Release|Any CPU
		{C0BBFD52-B28D-4AEB-8C74-5EECD7670D0E}.Release|iPhone.Build.0 = Release|Any CPU
		{C0BBFD52-B28D-4AEB-8C74-5EECD7670D0E}.Release|iPhoneSimulator.ActiveCfg = Release|Any CPU
		{C0BBFD52-B28D-4AEB-8C74-5EECD7670D0E}.Release|iPhoneSimulator.Build.0 = Release|Any CPU
		{C0BBFD52-B28D-4AEB-8C74-5EECD7670D0E}.Release|x64.ActiveCfg = Release|Any CPU
		{C0BBFD52-B28D-4AEB-8C74-5EECD7670D0E}.Release|x64.Build.0 = Release|Any CPU
		{C0BBFD52-B28D-4AEB-8C74-5EECD7670D0E}.Release|x86.ActiveCfg = Release|Any CPU
		{C0BBFD52-B28D-4AEB-8C74-5EECD7670D0E}.Release|x86.Build.0 = Release|Any CPU
		{503DBAB1-168F-4DE1-AD0D-B53AE2D4D559}.Debug|Any CPU.ActiveCfg = Debug|Any CPU
		{503DBAB1-168F-4DE1-AD0D-B53AE2D4D559}.Debug|Any CPU.Build.0 = Debug|Any CPU
		{503DBAB1-168F-4DE1-AD0D-B53AE2D4D559}.Debug|Any CPU.Deploy.0 = Debug|Any CPU
		{503DBAB1-168F-4DE1-AD0D-B53AE2D4D559}.Debug|ARM.ActiveCfg = Debug|Any CPU
		{503DBAB1-168F-4DE1-AD0D-B53AE2D4D559}.Debug|ARM.Build.0 = Debug|Any CPU
		{503DBAB1-168F-4DE1-AD0D-B53AE2D4D559}.Debug|ARM.Deploy.0 = Debug|Any CPU
		{503DBAB1-168F-4DE1-AD0D-B53AE2D4D559}.Debug|iPhone.ActiveCfg = Debug|Any CPU
		{503DBAB1-168F-4DE1-AD0D-B53AE2D4D559}.Debug|iPhone.Build.0 = Debug|Any CPU
		{503DBAB1-168F-4DE1-AD0D-B53AE2D4D559}.Debug|iPhone.Deploy.0 = Debug|Any CPU
		{503DBAB1-168F-4DE1-AD0D-B53AE2D4D559}.Debug|iPhoneSimulator.ActiveCfg = Debug|Any CPU
		{503DBAB1-168F-4DE1-AD0D-B53AE2D4D559}.Debug|iPhoneSimulator.Build.0 = Debug|Any CPU
		{503DBAB1-168F-4DE1-AD0D-B53AE2D4D559}.Debug|iPhoneSimulator.Deploy.0 = Debug|Any CPU
		{503DBAB1-168F-4DE1-AD0D-B53AE2D4D559}.Debug|x64.ActiveCfg = Debug|Any CPU
		{503DBAB1-168F-4DE1-AD0D-B53AE2D4D559}.Debug|x64.Build.0 = Debug|Any CPU
		{503DBAB1-168F-4DE1-AD0D-B53AE2D4D559}.Debug|x64.Deploy.0 = Debug|Any CPU
		{503DBAB1-168F-4DE1-AD0D-B53AE2D4D559}.Debug|x86.ActiveCfg = Debug|Any CPU
		{503DBAB1-168F-4DE1-AD0D-B53AE2D4D559}.Debug|x86.Build.0 = Debug|Any CPU
		{503DBAB1-168F-4DE1-AD0D-B53AE2D4D559}.Debug|x86.Deploy.0 = Debug|Any CPU
		{503DBAB1-168F-4DE1-AD0D-B53AE2D4D559}.Release|Any CPU.ActiveCfg = Release|Any CPU
		{503DBAB1-168F-4DE1-AD0D-B53AE2D4D559}.Release|Any CPU.Build.0 = Release|Any CPU
		{503DBAB1-168F-4DE1-AD0D-B53AE2D4D559}.Release|Any CPU.Deploy.0 = Release|Any CPU
		{503DBAB1-168F-4DE1-AD0D-B53AE2D4D559}.Release|ARM.ActiveCfg = Release|Any CPU
		{503DBAB1-168F-4DE1-AD0D-B53AE2D4D559}.Release|ARM.Build.0 = Release|Any CPU
		{503DBAB1-168F-4DE1-AD0D-B53AE2D4D559}.Release|ARM.Deploy.0 = Release|Any CPU
		{503DBAB1-168F-4DE1-AD0D-B53AE2D4D559}.Release|iPhone.ActiveCfg = Release|Any CPU
		{503DBAB1-168F-4DE1-AD0D-B53AE2D4D559}.Release|iPhone.Build.0 = Release|Any CPU
		{503DBAB1-168F-4DE1-AD0D-B53AE2D4D559}.Release|iPhone.Deploy.0 = Release|Any CPU
		{503DBAB1-168F-4DE1-AD0D-B53AE2D4D559}.Release|iPhoneSimulator.ActiveCfg = Release|Any CPU
		{503DBAB1-168F-4DE1-AD0D-B53AE2D4D559}.Release|iPhoneSimulator.Build.0 = Release|Any CPU
		{503DBAB1-168F-4DE1-AD0D-B53AE2D4D559}.Release|iPhoneSimulator.Deploy.0 = Release|Any CPU
		{503DBAB1-168F-4DE1-AD0D-B53AE2D4D559}.Release|x64.ActiveCfg = Release|Any CPU
		{503DBAB1-168F-4DE1-AD0D-B53AE2D4D559}.Release|x64.Build.0 = Release|Any CPU
		{503DBAB1-168F-4DE1-AD0D-B53AE2D4D559}.Release|x64.Deploy.0 = Release|Any CPU
		{503DBAB1-168F-4DE1-AD0D-B53AE2D4D559}.Release|x86.ActiveCfg = Release|Any CPU
		{503DBAB1-168F-4DE1-AD0D-B53AE2D4D559}.Release|x86.Build.0 = Release|Any CPU
		{503DBAB1-168F-4DE1-AD0D-B53AE2D4D559}.Release|x86.Deploy.0 = Release|Any CPU
	EndGlobalSection
	GlobalSection(SolutionProperties) = preSolution
		HideSolutionNode = FALSE
	EndGlobalSection
	GlobalSection(ExtensibilityGlobals) = postSolution
		SolutionGuid = {39827B1F-7B62-466C-A5C3-C71EC3767824}
	EndGlobalSection
EndGlobal
